// !$*UTF8*$!
{
	archiveVersion = 1;
	classes = {
	};
	objectVersion = 46;
	objects = {

/* Begin PBXBuildFile section */
		22DFA5A71BC3C8C2003FD49F /* main.m in Sources */ = {isa = PBXBuildFile; fileRef = 22DFA5A61BC3C8C2003FD49F /* main.m */; };
		22DFA5AA1BC3C8C2003FD49F /* AppDelegate.m in Sources */ = {isa = PBXBuildFile; fileRef = 22DFA5A91BC3C8C2003FD49F /* AppDelegate.m */; };
		22DFA5AD1BC3C8C2003FD49F /* MasterViewController.m in Sources */ = {isa = PBXBuildFile; fileRef = 22DFA5AC1BC3C8C2003FD49F /* MasterViewController.m */; };
		22DFA5B01BC3C8C2003FD49F /* DetailViewController.m in Sources */ = {isa = PBXBuildFile; fileRef = 22DFA5AF1BC3C8C2003FD49F /* DetailViewController.m */; };
		22DFA5B31BC3C8C2003FD49F /* Main.storyboard in Resources */ = {isa = PBXBuildFile; fileRef = 22DFA5B11BC3C8C2003FD49F /* Main.storyboard */; };
		22DFA5B51BC3C8C2003FD49F /* Images.xcassets in Resources */ = {isa = PBXBuildFile; fileRef = 22DFA5B41BC3C8C2003FD49F /* Images.xcassets */; };
		22DFA5B81BC3C8C2003FD49F /* LaunchScreen.xib in Resources */ = {isa = PBXBuildFile; fileRef = 22DFA5B61BC3C8C2003FD49F /* LaunchScreen.xib */; };
		22DFA5C41BC3C8C3003FD49F /* ScaryBugsTests.m in Sources */ = {isa = PBXBuildFile; fileRef = 22DFA5C31BC3C8C3003FD49F /* ScaryBugsTests.m */; };
		22DFA5D11BC3CCD3003FD49F /* ScaryBugData.m in Sources */ = {isa = PBXBuildFile; fileRef = 22DFA5D01BC3CCD3003FD49F /* ScaryBugData.m */; };
		22DFA5D41BC3CEA1003FD49F /* ScaryBugDoc.m in Sources */ = {isa = PBXBuildFile; fileRef = 22DFA5D31BC3CEA1003FD49F /* ScaryBugDoc.m */; };
		22DFA5DD1BC3DB92003FD49F /* centipede.jpg in Resources */ = {isa = PBXBuildFile; fileRef = 22DFA5D51BC3DB92003FD49F /* centipede.jpg */; };
		22DFA5DE1BC3DB92003FD49F /* centipedeThumb.jpg in Resources */ = {isa = PBXBuildFile; fileRef = 22DFA5D61BC3DB92003FD49F /* centipedeThumb.jpg */; };
		22DFA5DF1BC3DB92003FD49F /* ladybug.jpg in Resources */ = {isa = PBXBuildFile; fileRef = 22DFA5D71BC3DB92003FD49F /* ladybug.jpg */; };
		22DFA5E01BC3DB92003FD49F /* ladybugThumb.jpg in Resources */ = {isa = PBXBuildFile; fileRef = 22DFA5D81BC3DB92003FD49F /* ladybugThumb.jpg */; };
		22DFA5E11BC3DB92003FD49F /* potatoBug.jpg in Resources */ = {isa = PBXBuildFile; fileRef = 22DFA5D91BC3DB92003FD49F /* potatoBug.jpg */; };
		22DFA5E21BC3DB92003FD49F /* potatoBugThumb.jpg in Resources */ = {isa = PBXBuildFile; fileRef = 22DFA5DA1BC3DB92003FD49F /* potatoBugThumb.jpg */; };
		22DFA5E31BC3DB92003FD49F /* wolfSpider.jpg in Resources */ = {isa = PBXBuildFile; fileRef = 22DFA5DB1BC3DB92003FD49F /* wolfSpider.jpg */; };
		22DFA5E41BC3DB92003FD49F /* wolfSpiderThumb.jpg in Resources */ = {isa = PBXBuildFile; fileRef = 22DFA5DC1BC3DB92003FD49F /* wolfSpiderThumb.jpg */; };
/* End PBXBuildFile section */

/* Begin PBXContainerItemProxy section */
		22DFA5BE1BC3C8C3003FD49F /* PBXContainerItemProxy */ = {
			isa = PBXContainerItemProxy;
			containerPortal = 22DFA5991BC3C8C2003FD49F /* Project object */;
			proxyType = 1;
			remoteGlobalIDString = 22DFA5A01BC3C8C2003FD49F;
			remoteInfo = ScaryBugs;
		};
/* End PBXContainerItemProxy section */

/* Begin PBXFileReference section */
		22DFA5A11BC3C8C2003FD49F /* ScaryBugs.app */ = {isa = PBXFileReference; explicitFileType = wrapper.application; includeInIndex = 0; path = ScaryBugs.app; sourceTree = BUILT_PRODUCTS_DIR; };
		22DFA5A51BC3C8C2003FD49F /* Info.plist */ = {isa = PBXFileReference; lastKnownFileType = text.plist.xml; path = Info.plist; sourceTree = "<group>"; };
		22DFA5A61BC3C8C2003FD49F /* main.m */ = {isa = PBXFileReference; lastKnownFileType = sourcecode.c.objc; path = main.m; sourceTree = "<group>"; };
		22DFA5A81BC3C8C2003FD49F /* AppDelegate.h */ = {isa = PBXFileReference; lastKnownFileType = sourcecode.c.h; path = AppDelegate.h; sourceTree = "<group>"; };
		22DFA5A91BC3C8C2003FD49F /* AppDelegate.m */ = {isa = PBXFileReference; lastKnownFileType = sourcecode.c.objc; path = AppDelegate.m; sourceTree = "<group>"; };
		22DFA5AB1BC3C8C2003FD49F /* MasterViewController.h */ = {isa = PBXFileReference; lastKnownFileType = sourcecode.c.h; path = MasterViewController.h; sourceTree = "<group>"; };
		22DFA5AC1BC3C8C2003FD49F /* MasterViewController.m */ = {isa = PBXFileReference; lastKnownFileType = sourcecode.c.objc; path = MasterViewController.m; sourceTree = "<group>"; };
		22DFA5AE1BC3C8C2003FD49F /* DetailViewController.h */ = {isa = PBXFileReference; lastKnownFileType = sourcecode.c.h; path = DetailViewController.h; sourceTree = "<group>"; };
		22DFA5AF1BC3C8C2003FD49F /* DetailViewController.m */ = {isa = PBXFileReference; lastKnownFileType = sourcecode.c.objc; path = DetailViewController.m; sourceTree = "<group>"; };
		22DFA5B21BC3C8C2003FD49F /* Base */ = {isa = PBXFileReference; lastKnownFileType = file.storyboard; name = Base; path = Base.lproj/Main.storyboard; sourceTree = "<group>"; };
		22DFA5B41BC3C8C2003FD49F /* Images.xcassets */ = {isa = PBXFileReference; lastKnownFileType = folder.assetcatalog; path = Images.xcassets; sourceTree = "<group>"; };
		22DFA5B71BC3C8C2003FD49F /* Base */ = {isa = PBXFileReference; lastKnownFileType = file.xib; name = Base; path = Base.lproj/LaunchScreen.xib; sourceTree = "<group>"; };
		22DFA5BD1BC3C8C3003FD49F /* ScaryBugsTests.xctest */ = {isa = PBXFileReference; explicitFileType = wrapper.cfbundle; includeInIndex = 0; path = ScaryBugsTests.xctest; sourceTree = BUILT_PRODUCTS_DIR; };
		22DFA5C21BC3C8C3003FD49F /* Info.plist */ = {isa = PBXFileReference; lastKnownFileType = text.plist.xml; path = Info.plist; sourceTree = "<group>"; };
		22DFA5C31BC3C8C3003FD49F /* ScaryBugsTests.m */ = {isa = PBXFileReference; lastKnownFileType = sourcecode.c.objc; path = ScaryBugsTests.m; sourceTree = "<group>"; };
		22DFA5CF1BC3CCD3003FD49F /* ScaryBugData.h */ = {isa = PBXFileReference; fileEncoding = 4; lastKnownFileType = sourcecode.c.h; path = ScaryBugData.h; sourceTree = "<group>"; };
		22DFA5D01BC3CCD3003FD49F /* ScaryBugData.m */ = {isa = PBXFileReference; fileEncoding = 4; lastKnownFileType = sourcecode.c.objc; path = ScaryBugData.m; sourceTree = "<group>"; };
		22DFA5D21BC3CEA1003FD49F /* ScaryBugDoc.h */ = {isa = PBXFileReference; fileEncoding = 4; lastKnownFileType = sourcecode.c.h; path = ScaryBugDoc.h; sourceTree = "<group>"; };
		22DFA5D31BC3CEA1003FD49F /* ScaryBugDoc.m */ = {isa = PBXFileReference; fileEncoding = 4; lastKnownFileType = sourcecode.c.objc; path = ScaryBugDoc.m; sourceTree = "<group>"; };
		22DFA5D51BC3DB92003FD49F /* centipede.jpg */ = {isa = PBXFileReference; lastKnownFileType = image.jpeg; name = centipede.jpg; path = ../../../../Downloads/ScaryBugs/centipede.jpg; sourceTree = "<group>"; };
		22DFA5D61BC3DB92003FD49F /* centipedeThumb.jpg */ = {isa = PBXFileReference; lastKnownFileType = image.jpeg; name = centipedeThumb.jpg; path = ../../../../Downloads/ScaryBugs/centipedeThumb.jpg; sourceTree = "<group>"; };
		22DFA5D71BC3DB92003FD49F /* ladybug.jpg */ = {isa = PBXFileReference; lastKnownFileType = image.jpeg; name = ladybug.jpg; path = ../../../../Downloads/ScaryBugs/ladybug.jpg; sourceTree = "<group>"; };
		22DFA5D81BC3DB92003FD49F /* ladybugThumb.jpg */ = {isa = PBXFileReference; lastKnownFileType = image.jpeg; name = ladybugThumb.jpg; path = ../../../../Downloads/ScaryBugs/ladybugThumb.jpg; sourceTree = "<group>"; };
		22DFA5D91BC3DB92003FD49F /* potatoBug.jpg */ = {isa = PBXFileReference; lastKnownFileType = image.jpeg; name = potatoBug.jpg; path = ../../../../Downloads/ScaryBugs/potatoBug.jpg; sourceTree = "<group>"; };
		22DFA5DA1BC3DB92003FD49F /* potatoBugThumb.jpg */ = {isa = PBXFileReference; lastKnownFileType = image.jpeg; name = potatoBugThumb.jpg; path = ../../../../Downloads/ScaryBugs/potatoBugThumb.jpg; sourceTree = "<group>"; };
		22DFA5DB1BC3DB92003FD49F /* wolfSpider.jpg */ = {isa = PBXFileReference; lastKnownFileType = image.jpeg; name = wolfSpider.jpg; path = ../../../../Downloads/ScaryBugs/wolfSpider.jpg; sourceTree = "<group>"; };
		22DFA5DC1BC3DB92003FD49F /* wolfSpiderThumb.jpg */ = {isa = PBXFileReference; lastKnownFileType = image.jpeg; name = wolfSpiderThumb.jpg; path = ../../../../Downloads/ScaryBugs/wolfSpiderThumb.jpg; sourceTree = "<group>"; };
/* End PBXFileReference section */

/* Begin PBXFrameworksBuildPhase section */
		22DFA59E1BC3C8C2003FD49F /* Frameworks */ = {
			isa = PBXFrameworksBuildPhase;
			buildActionMask = 2147483647;
			files = (
			);
			runOnlyForDeploymentPostprocessing = 0;
		};
		22DFA5BA1BC3C8C3003FD49F /* Frameworks */ = {
			isa = PBXFrameworksBuildPhase;
			buildActionMask = 2147483647;
			files = (
			);
			runOnlyForDeploymentPostprocessing = 0;
		};
/* End PBXFrameworksBuildPhase section */

/* Begin PBXGroup section */
		22DFA5981BC3C8C2003FD49F = {
			isa = PBXGroup;
			children = (
				22DFA5A31BC3C8C2003FD49F /* ScaryBugs */,
				22DFA5C01BC3C8C3003FD49F /* ScaryBugsTests */,
				22DFA5A21BC3C8C2003FD49F /* Products */,
			);
			sourceTree = "<group>";
		};
		22DFA5A21BC3C8C2003FD49F /* Products */ = {
			isa = PBXGroup;
			children = (
				22DFA5A11BC3C8C2003FD49F /* ScaryBugs.app */,
				22DFA5BD1BC3C8C3003FD49F /* ScaryBugsTests.xctest */,
			);
			name = Products;
			sourceTree = "<group>";
		};
		22DFA5A31BC3C8C2003FD49F /* ScaryBugs */ = {
			isa = PBXGroup;
			children = (
				22DFA5D51BC3DB92003FD49F /* centipede.jpg */,
				22DFA5D61BC3DB92003FD49F /* centipedeThumb.jpg */,
				22DFA5D71BC3DB92003FD49F /* ladybug.jpg */,
				22DFA5D81BC3DB92003FD49F /* ladybugThumb.jpg */,
				22DFA5D91BC3DB92003FD49F /* potatoBug.jpg */,
				22DFA5DA1BC3DB92003FD49F /* potatoBugThumb.jpg */,
				22DFA5DB1BC3DB92003FD49F /* wolfSpider.jpg */,
				22DFA5DC1BC3DB92003FD49F /* wolfSpiderThumb.jpg */,
				22DFA5CE1BC3CC1D003FD49F /* Model */,
				22DFA5CD1BC3CBDE003FD49F /* GUI */,
				22DFA5B41BC3C8C2003FD49F /* Images.xcassets */,
				22DFA5B61BC3C8C2003FD49F /* LaunchScreen.xib */,
				22DFA5A41BC3C8C2003FD49F /* Supporting Files */,
			);
			path = ScaryBugs;
			sourceTree = "<group>";
		};
		22DFA5A41BC3C8C2003FD49F /* Supporting Files */ = {
			isa = PBXGroup;
			children = (
				22DFA5A51BC3C8C2003FD49F /* Info.plist */,
				22DFA5A61BC3C8C2003FD49F /* main.m */,
			);
			name = "Supporting Files";
			sourceTree = "<group>";
		};
		22DFA5C01BC3C8C3003FD49F /* ScaryBugsTests */ = {
			isa = PBXGroup;
			children = (
				22DFA5C31BC3C8C3003FD49F /* ScaryBugsTests.m */,
				22DFA5C11BC3C8C3003FD49F /* Supporting Files */,
			);
			path = ScaryBugsTests;
			sourceTree = "<group>";
		};
		22DFA5C11BC3C8C3003FD49F /* Supporting Files */ = {
			isa = PBXGroup;
			children = (
				22DFA5C21BC3C8C3003FD49F /* Info.plist */,
			);
			name = "Supporting Files";
			sourceTree = "<group>";
		};
		22DFA5CD1BC3CBDE003FD49F /* GUI */ = {
			isa = PBXGroup;
			children = (
				22DFA5B11BC3C8C2003FD49F /* Main.storyboard */,
				22DFA5AB1BC3C8C2003FD49F /* MasterViewController.h */,
				22DFA5AC1BC3C8C2003FD49F /* MasterViewController.m */,
				22DFA5A91BC3C8C2003FD49F /* AppDelegate.m */,
				22DFA5AF1BC3C8C2003FD49F /* DetailViewController.m */,
				22DFA5AE1BC3C8C2003FD49F /* DetailViewController.h */,
				22DFA5A81BC3C8C2003FD49F /* AppDelegate.h */,
			);
			name = GUI;
			sourceTree = "<group>";
		};
		22DFA5CE1BC3CC1D003FD49F /* Model */ = {
			isa = PBXGroup;
			children = (
				22DFA5CF1BC3CCD3003FD49F /* ScaryBugData.h */,
				22DFA5D01BC3CCD3003FD49F /* ScaryBugData.m */,
				22DFA5D21BC3CEA1003FD49F /* ScaryBugDoc.h */,
				22DFA5D31BC3CEA1003FD49F /* ScaryBugDoc.m */,
			);
			name = Model;
			sourceTree = "<group>";
		};
/* End PBXGroup section */

/* Begin PBXNativeTarget section */
		22DFA5A01BC3C8C2003FD49F /* ScaryBugs */ = {
			isa = PBXNativeTarget;
			buildConfigurationList = 22DFA5C71BC3C8C3003FD49F /* Build configuration list for PBXNativeTarget "ScaryBugs" */;
			buildPhases = (
				22DFA59D1BC3C8C2003FD49F /* Sources */,
				22DFA59E1BC3C8C2003FD49F /* Frameworks */,
				22DFA59F1BC3C8C2003FD49F /* Resources */,
			);
			buildRules = (
			);
			dependencies = (
			);
			name = ScaryBugs;
			productName = ScaryBugs;
			productReference = 22DFA5A11BC3C8C2003FD49F /* ScaryBugs.app */;
			productType = "com.apple.product-type.application";
		};
		22DFA5BC1BC3C8C3003FD49F /* ScaryBugsTests */ = {
			isa = PBXNativeTarget;
			buildConfigurationList = 22DFA5CA1BC3C8C3003FD49F /* Build configuration list for PBXNativeTarget "ScaryBugsTests" */;
			buildPhases = (
				22DFA5B91BC3C8C3003FD49F /* Sources */,
				22DFA5BA1BC3C8C3003FD49F /* Frameworks */,
				22DFA5BB1BC3C8C3003FD49F /* Resources */,
			);
			buildRules = (
			);
			dependencies = (
				22DFA5BF1BC3C8C3003FD49F /* PBXTargetDependency */,
			);
			name = ScaryBugsTests;
			productName = ScaryBugsTests;
			productReference = 22DFA5BD1BC3C8C3003FD49F /* ScaryBugsTests.xctest */;
			productType = "com.apple.product-type.bundle.unit-test";
		};
/* End PBXNativeTarget section */

/* Begin PBXProject section */
		22DFA5991BC3C8C2003FD49F /* Project object */ = {
			isa = PBXProject;
			attributes = {
				LastUpgradeCheck = 0640;
				ORGANIZATIONNAME = sourcebits;
				TargetAttributes = {
					22DFA5A01BC3C8C2003FD49F = {
						CreatedOnToolsVersion = 6.4;
					};
					22DFA5BC1BC3C8C3003FD49F = {
						CreatedOnToolsVersion = 6.4;
						TestTargetID = 22DFA5A01BC3C8C2003FD49F;
					};
				};
			};
			buildConfigurationList = 22DFA59C1BC3C8C2003FD49F /* Build configuration list for PBXProject "ScaryBugs" */;
			compatibilityVersion = "Xcode 3.2";
			developmentRegion = English;
			hasScannedForEncodings = 0;
			knownRegions = (
				en,
				Base,
			);
			mainGroup = 22DFA5981BC3C8C2003FD49F;
			productRefGroup = 22DFA5A21BC3C8C2003FD49F /* Products */;
			projectDirPath = "";
			projectRoot = "";
			targets = (
				22DFA5A01BC3C8C2003FD49F /* ScaryBugs */,
				22DFA5BC1BC3C8C3003FD49F /* ScaryBugsTests */,
			);
		};
/* End PBXProject section */

/* Begin PBXResourcesBuildPhase section */
		22DFA59F1BC3C8C2003FD49F /* Resources */ = {
			isa = PBXResourcesBuildPhase;
			buildActionMask = 2147483647;
			files = (
				22DFA5B31BC3C8C2003FD49F /* Main.storyboard in Resources */,
				22DFA5E11BC3DB92003FD49F /* potatoBug.jpg in Resources */,
				22DFA5E31BC3DB92003FD49F /* wolfSpider.jpg in Resources */,
				22DFA5E41BC3DB92003FD49F /* wolfSpiderThumb.jpg in Resources */,
				22DFA5E01BC3DB92003FD49F /* ladybugThumb.jpg in Resources */,
				22DFA5DD1BC3DB92003FD49F /* centipede.jpg in Resources */,
				22DFA5DE1BC3DB92003FD49F /* centipedeThumb.jpg in Resources */,
				22DFA5B81BC3C8C2003FD49F /* LaunchScreen.xib in Resources */,
				22DFA5E21BC3DB92003FD49F /* potatoBugThumb.jpg in Resources */,
				22DFA5DF1BC3DB92003FD49F /* ladybug.jpg in Resources */,
				22DFA5B51BC3C8C2003FD49F /* Images.xcassets in Resources */,
			);
			runOnlyForDeploymentPostprocessing = 0;
		};
		22DFA5BB1BC3C8C3003FD49F /* Resources */ = {
			isa = PBXResourcesBuildPhase;
			buildActionMask = 2147483647;
			files = (
			);
			runOnlyForDeploymentPostprocessing = 0;
		};
/* End PBXResourcesBuildPhase section */

/* Begin PBXSourcesBuildPhase section */
		22DFA59D1BC3C8C2003FD49F /* Sources */ = {
			isa = PBXSourcesBuildPhase;
			buildActionMask = 2147483647;
			files = (
				22DFA5D11BC3CCD3003FD49F /* ScaryBugData.m in Sources */,
				22DFA5AA1BC3C8C2003FD49F /* AppDelegate.m in Sources */,
				22DFA5AD1BC3C8C2003FD49F /* MasterViewController.m in Sources */,
				22DFA5A71BC3C8C2003FD49F /* main.m in Sources */,
				22DFA5D41BC3CEA1003FD49F /* ScaryBugDoc.m in Sources */,
				22DFA5B01BC3C8C2003FD49F /* DetailViewController.m in Sources */,
			);
			runOnlyForDeploymentPostprocessing = 0;
		};
		22DFA5B91BC3C8C3003FD49F /* Sources */ = {
			isa = PBXSourcesBuildPhase;
			buildActionMask = 2147483647;
			files = (
				22DFA5C41BC3C8C3003FD49F /* ScaryBugsTests.m in Sources */,
			);
			runOnlyForDeploymentPostprocessing = 0;
		};
/* End PBXSourcesBuildPhase section */

/* Begin PBXTargetDependency section */
		22DFA5BF1BC3C8C3003FD49F /* PBXTargetDependency */ = {
			isa = PBXTargetDependency;
			target = 22DFA5A01BC3C8C2003FD49F /* ScaryBugs */;
			targetProxy = 22DFA5BE1BC3C8C3003FD49F /* PBXContainerItemProxy */;
		};
/* End PBXTargetDependency section */

/* Begin PBXVariantGroup section */
		22DFA5B11BC3C8C2003FD49F /* Main.storyboard */ = {
			isa = PBXVariantGroup;
			children = (
				22DFA5B21BC3C8C2003FD49F /* Base */,
			);
			name = Main.storyboard;
			sourceTree = "<group>";
		};
		22DFA5B61BC3C8C2003FD49F /* LaunchScreen.xib */ = {
			isa = PBXVariantGroup;
			children = (
				22DFA5B71BC3C8C2003FD49F /* Base */,
			);
			name = LaunchScreen.xib;
			sourceTree = "<group>";
		};
/* End PBXVariantGroup section */

/* Begin XCBuildConfiguration section */
		22DFA5C51BC3C8C3003FD49F /* Debug */ = {
			isa = XCBuildConfiguration;
			buildSettings = {
				ALWAYS_SEARCH_USER_PATHS = NO;
				CLANG_CXX_LANGUAGE_STANDARD = "gnu++0x";
				CLANG_CXX_LIBRARY = "libc++";
				CLANG_ENABLE_MODULES = YES;
				CLANG_ENABLE_OBJC_ARC = YES;
				CLANG_WARN_BOOL_CONVERSION = YES;
				CLANG_WARN_CONSTANT_CONVERSION = YES;
				CLANG_WARN_DIRECT_OBJC_ISA_USAGE = YES_ERROR;
				CLANG_WARN_EMPTY_BODY = YES;
				CLANG_WARN_ENUM_CONVERSION = YES;
				CLANG_WARN_INT_CONVERSION = YES;
				CLANG_WARN_OBJC_ROOT_CLASS = YES_ERROR;
				CLANG_WARN_UNREACHABLE_CODE = YES;
				CLANG_WARN__DUPLICATE_METHOD_MATCH = YES;
				"CODE_SIGN_IDENTITY[sdk=iphoneos*]" = "iPhone Developer";
				COPY_PHASE_STRIP = NO;
				DEBUG_INFORMATION_FORMAT = "dwarf-with-dsym";
				ENABLE_STRICT_OBJC_MSGSEND = YES;
				GCC_C_LANGUAGE_STANDARD = gnu99;
				GCC_DYNAMIC_NO_PIC = NO;
				GCC_NO_COMMON_BLOCKS = YES;
				GCC_OPTIMIZATION_LEVEL = 0;
				GCC_PREPROCESSOR_DEFINITIONS = (
					"DEBUG=1",
					"$(inherited)",
				);
				GCC_SYMBOLS_PRIVATE_EXTERN = NO;
				GCC_WARN_64_TO_32_BIT_CONVERSION = YES;
				GCC_WARN_ABOUT_RETURN_TYPE = YES_ERROR;
				GCC_WARN_UNDECLARED_SELECTOR = YES;
				GCC_WARN_UNINITIALIZED_AUTOS = YES_AGGRESSIVE;
				GCC_WARN_UNUSED_FUNCTION = YES;
				GCC_WARN_UNUSED_VARIABLE = YES;
				IPHONEOS_DEPLOYMENT_TARGET = 8.4;
				MTL_ENABLE_DEBUG_INFO = YES;
				ONLY_ACTIVE_ARCH = YES;
				SDKROOT = iphoneos;
			};
			name = Debug;
		};
		22DFA5C61BC3C8C3003FD49F /* Release */ = {
			isa = XCBuildConfiguration;
			buildSettings = {
				ALWAYS_SEARCH_USER_PATHS = NO;
				CLANG_CXX_LANGUAGE_STANDARD = "gnu++0x";
				CLANG_CXX_LIBRARY = "libc++";
				CLANG_ENABLE_MODULES = YES;
				CLANG_ENABLE_OBJC_ARC = YES;
				CLANG_WARN_BOOL_CONVERSION = YES;
				CLANG_WARN_CONSTANT_CONVERSION = YES;
				CLANG_WARN_DIRECT_OBJC_ISA_USAGE = YES_ERROR;
				CLANG_WARN_EMPTY_BODY = YES;
				CLANG_WARN_ENUM_CONVERSION = YES;
				CLANG_WARN_INT_CONVERSION = YES;
				CLANG_WARN_OBJC_ROOT_CLASS = YES_ERROR;
				CLANG_WARN_UNREACHABLE_CODE = YES;
				CLANG_WARN__DUPLICATE_METHOD_MATCH = YES;
				"CODE_SIGN_IDENTITY[sdk=iphoneos*]" = "iPhone Developer";
				COPY_PHASE_STRIP = NO;
				DEBUG_INFORMATION_FORMAT = "dwarf-with-dsym";
				ENABLE_NS_ASSERTIONS = NO;
				ENABLE_STRICT_OBJC_MSGSEND = YES;
				GCC_C_LANGUAGE_STANDARD = gnu99;
				GCC_NO_COMMON_BLOCKS = YES;
				GCC_WARN_64_TO_32_BIT_CONVERSION = YES;
				GCC_WARN_ABOUT_RETURN_TYPE = YES_ERROR;
				GCC_WARN_UNDECLARED_SELECTOR = YES;
				GCC_WARN_UNINITIALIZED_AUTOS = YES_AGGRESSIVE;
				GCC_WARN_UNUSED_FUNCTION = YES;
				GCC_WARN_UNUSED_VARIABLE = YES;
				IPHONEOS_DEPLOYMENT_TARGET = 8.4;
				MTL_ENABLE_DEBUG_INFO = NO;
				SDKROOT = iphoneos;
				VALIDATE_PRODUCT = YES;
			};
			name = Release;
		};
		22DFA5C81BC3C8C3003FD49F /* Debug */ = {
			isa = XCBuildConfiguration;
			buildSettings = {
				ASSETCATALOG_COMPILER_APPICON_NAME = AppIcon;
				INFOPLIST_FILE = ScaryBugs/Info.plist;
				LD_RUNPATH_SEARCH_PATHS = "$(inherited) @executable_path/Frameworks";
				PRODUCT_NAME = "$(TARGET_NAME)";
			};
			name = Debug;
		};
		22DFA5C91BC3C8C3003FD49F /* Release */ = {
			isa = XCBuildConfiguration;
			buildSettings = {
				ASSETCATALOG_COMPILER_APPICON_NAME = AppIcon;
				INFOPLIST_FILE = ScaryBugs/Info.plist;
				LD_RUNPATH_SEARCH_PATHS = "$(inherited) @executable_path/Frameworks";
				PRODUCT_NAME = "$(TARGET_NAME)";
			};
			name = Release;
		};
		22DFA5CB1BC3C8C3003FD49F /* Debug */ = {
			isa = XCBuildConfiguration;
			buildSettings = {
				BUNDLE_LOADER = "$(TEST_HOST)";
				FRAMEWORK_SEARCH_PATHS = (
					"$(SDKROOT)/Developer/Library/Frameworks",
					"$(inherited)",
				);
				GCC_PREPROCESSOR_DEFINITIONS = (
					"DEBUG=1",
					"$(inherited)",
				);
				INFOPLIST_FILE = ScaryBugsTests/Info.plist;
				LD_RUNPATH_SEARCH_PATHS = "$(inherited) @executable_path/Frameworks @loader_path/Frameworks";
				PRODUCT_NAME = "$(TARGET_NAME)";
				TEST_HOST = "$(BUILT_PRODUCTS_DIR)/ScaryBugs.app/ScaryBugs";
			};
			name = Debug;
		};
		22DFA5CC1BC3C8C3003FD49F /* Release */ = {
			isa = XCBuildConfiguration;
			buildSettings = {
				BUNDLE_LOADER = "$(TEST_HOST)";
				FRAMEWORK_SEARCH_PATHS = (
					"$(SDKROOT)/Developer/Library/Frameworks",
					"$(inherited)",
				);
				INFOPLIST_FILE = ScaryBugsTests/Info.plist;
				LD_RUNPATH_SEARCH_PATHS = "$(inherited) @executable_path/Frameworks @loader_path/Frameworks";
				PRODUCT_NAME = "$(TARGET_NAME)";
				TEST_HOST = "$(BUILT_PRODUCTS_DIR)/ScaryBugs.app/ScaryBugs";
			};
			name = Release;
		};
/* End XCBuildConfiguration section */

/* Begin XCConfigurationList section */
		22DFA59C1BC3C8C2003FD49F /* Build configuration list for PBXProject "ScaryBugs" */ = {
			isa = XCConfigurationList;
			buildConfigurations = (
				22DFA5C51BC3C8C3003FD49F /* Debug */,
				22DFA5C61BC3C8C3003FD49F /* Release */,
			);
			defaultConfigurationIsVisible = 0;
			defaultConfigurationName = Release;
		};
		22DFA5C71BC3C8C3003FD49F /* Build configuration list for PBXNativeTarget "ScaryBugs" */ = {
			isa = XCConfigurationList;
			buildConfigurations = (
				22DFA5C81BC3C8C3003FD49F /* Debug */,
				22DFA5C91BC3C8C3003FD49F /* Release */,
			);
			defaultConfigurationIsVisible = 0;
		};
		22DFA5CA1BC3C8C3003FD49F /* Build configuration list for PBXNativeTarget "ScaryBugsTests" */ = {
			isa = XCConfigurationList;
			buildConfigurations = (
				22DFA5CB1BC3C8C3003FD49F /* Debug */,
				22DFA5CC1BC3C8C3003FD49F /* Release */,
			);
			defaultConfigurationIsVisible = 0;
		};
/* End XCConfigurationList section */
	};
	rootObject = 22DFA5991BC3C8C2003FD49F /* Project object */;
}
