// !$*UTF8*$!
{
	archiveVersion = 1;
	classes = {
	};
	objectVersion = 46;
	objects = {

/* Begin PBXBuildFile section */
		220378B91BF07778005474B3 /* main.m in Sources */ = {isa = PBXBuildFile; fileRef = 220378B81BF07778005474B3 /* main.m */; };
		220378BC1BF07778005474B3 /* AppDelegate.m in Sources */ = {isa = PBXBuildFile; fileRef = 220378BB1BF07778005474B3 /* AppDelegate.m */; };
		220378BF1BF07778005474B3 /* ViewController.m in Sources */ = {isa = PBXBuildFile; fileRef = 220378BE1BF07778005474B3 /* ViewController.m */; };
		220378C21BF07778005474B3 /* Main.storyboard in Resources */ = {isa = PBXBuildFile; fileRef = 220378C01BF07778005474B3 /* Main.storyboard */; };
		220378C41BF07778005474B3 /* Images.xcassets in Resources */ = {isa = PBXBuildFile; fileRef = 220378C31BF07778005474B3 /* Images.xcassets */; };
		220378C71BF07778005474B3 /* LaunchScreen.xib in Resources */ = {isa = PBXBuildFile; fileRef = 220378C51BF07778005474B3 /* LaunchScreen.xib */; };
		220378D31BF07778005474B3 /* tableViewTests.m in Sources */ = {isa = PBXBuildFile; fileRef = 220378D21BF07778005474B3 /* tableViewTests.m */; };
/* End PBXBuildFile section */

/* Begin PBXContainerItemProxy section */
		220378CD1BF07778005474B3 /* PBXContainerItemProxy */ = {
			isa = PBXContainerItemProxy;
			containerPortal = 220378AB1BF07778005474B3 /* Project object */;
			proxyType = 1;
			remoteGlobalIDString = 220378B21BF07778005474B3;
			remoteInfo = tableView;
		};
/* End PBXContainerItemProxy section */

/* Begin PBXFileReference section */
		220378B31BF07778005474B3 /* tableView.app */ = {isa = PBXFileReference; explicitFileType = wrapper.application; includeInIndex = 0; path = tableView.app; sourceTree = BUILT_PRODUCTS_DIR; };
		220378B71BF07778005474B3 /* Info.plist */ = {isa = PBXFileReference; lastKnownFileType = text.plist.xml; path = Info.plist; sourceTree = "<group>"; };
		220378B81BF07778005474B3 /* main.m */ = {isa = PBXFileReference; lastKnownFileType = sourcecode.c.objc; path = main.m; sourceTree = "<group>"; };
		220378BA1BF07778005474B3 /* AppDelegate.h */ = {isa = PBXFileReference; lastKnownFileType = sourcecode.c.h; path = AppDelegate.h; sourceTree = "<group>"; };
		220378BB1BF07778005474B3 /* AppDelegate.m */ = {isa = PBXFileReference; lastKnownFileType = sourcecode.c.objc; path = AppDelegate.m; sourceTree = "<group>"; };
		220378BD1BF07778005474B3 /* ViewController.h */ = {isa = PBXFileReference; lastKnownFileType = sourcecode.c.h; path = ViewController.h; sourceTree = "<group>"; };
		220378BE1BF07778005474B3 /* ViewController.m */ = {isa = PBXFileReference; lastKnownFileType = sourcecode.c.objc; path = ViewController.m; sourceTree = "<group>"; };
		220378C11BF07778005474B3 /* Base */ = {isa = PBXFileReference; lastKnownFileType = file.storyboard; name = Base; path = Base.lproj/Main.storyboard; sourceTree = "<group>"; };
		220378C31BF07778005474B3 /* Images.xcassets */ = {isa = PBXFileReference; lastKnownFileType = folder.assetcatalog; path = Images.xcassets; sourceTree = "<group>"; };
		220378C61BF07778005474B3 /* Base */ = {isa = PBXFileReference; lastKnownFileType = file.xib; name = Base; path = Base.lproj/LaunchScreen.xib; sourceTree = "<group>"; };
		220378CC1BF07778005474B3 /* tableViewTests.xctest */ = {isa = PBXFileReference; explicitFileType = wrapper.cfbundle; includeInIndex = 0; path = tableViewTests.xctest; sourceTree = BUILT_PRODUCTS_DIR; };
		220378D11BF07778005474B3 /* Info.plist */ = {isa = PBXFileReference; lastKnownFileType = text.plist.xml; path = Info.plist; sourceTree = "<group>"; };
		220378D21BF07778005474B3 /* tableViewTests.m */ = {isa = PBXFileReference; lastKnownFileType = sourcecode.c.objc; path = tableViewTests.m; sourceTree = "<group>"; };
/* End PBXFileReference section */

/* Begin PBXFrameworksBuildPhase section */
		220378B01BF07778005474B3 /* Frameworks */ = {
			isa = PBXFrameworksBuildPhase;
			buildActionMask = 2147483647;
			files = (
			);
			runOnlyForDeploymentPostprocessing = 0;
		};
		220378C91BF07778005474B3 /* Frameworks */ = {
			isa = PBXFrameworksBuildPhase;
			buildActionMask = 2147483647;
			files = (
			);
			runOnlyForDeploymentPostprocessing = 0;
		};
/* End PBXFrameworksBuildPhase section */

/* Begin PBXGroup section */
		220378AA1BF07778005474B3 = {
			isa = PBXGroup;
			children = (
				220378B51BF07778005474B3 /* tableView */,
				220378CF1BF07778005474B3 /* tableViewTests */,
				220378B41BF07778005474B3 /* Products */,
			);
			sourceTree = "<group>";
		};
		220378B41BF07778005474B3 /* Products */ = {
			isa = PBXGroup;
			children = (
				220378B31BF07778005474B3 /* tableView.app */,
				220378CC1BF07778005474B3 /* tableViewTests.xctest */,
			);
			name = Products;
			sourceTree = "<group>";
		};
		220378B51BF07778005474B3 /* tableView */ = {
			isa = PBXGroup;
			children = (
				220378BA1BF07778005474B3 /* AppDelegate.h */,
				220378BB1BF07778005474B3 /* AppDelegate.m */,
				220378BD1BF07778005474B3 /* ViewController.h */,
				220378BE1BF07778005474B3 /* ViewController.m */,
				220378C01BF07778005474B3 /* Main.storyboard */,
				220378C31BF07778005474B3 /* Images.xcassets */,
				220378C51BF07778005474B3 /* LaunchScreen.xib */,
				220378B61BF07778005474B3 /* Supporting Files */,
			);
			path = tableView;
			sourceTree = "<group>";
		};
		220378B61BF07778005474B3 /* Supporting Files */ = {
			isa = PBXGroup;
			children = (
				220378B71BF07778005474B3 /* Info.plist */,
				220378B81BF07778005474B3 /* main.m */,
			);
			name = "Supporting Files";
			sourceTree = "<group>";
		};
		220378CF1BF07778005474B3 /* tableViewTests */ = {
			isa = PBXGroup;
			children = (
				220378D21BF07778005474B3 /* tableViewTests.m */,
				220378D01BF07778005474B3 /* Supporting Files */,
			);
			path = tableViewTests;
			sourceTree = "<group>";
		};
		220378D01BF07778005474B3 /* Supporting Files */ = {
			isa = PBXGroup;
			children = (
				220378D11BF07778005474B3 /* Info.plist */,
			);
			name = "Supporting Files";
			sourceTree = "<group>";
		};
/* End PBXGroup section */

/* Begin PBXNativeTarget section */
		220378B21BF07778005474B3 /* tableView */ = {
			isa = PBXNativeTarget;
			buildConfigurationList = 220378D61BF07778005474B3 /* Build configuration list for PBXNativeTarget "tableView" */;
			buildPhases = (
				220378AF1BF07778005474B3 /* Sources */,
				220378B01BF07778005474B3 /* Frameworks */,
				220378B11BF07778005474B3 /* Resources */,
			);
			buildRules = (
			);
			dependencies = (
			);
			name = tableView;
			productName = tableView;
			productReference = 220378B31BF07778005474B3 /* tableView.app */;
			productType = "com.apple.product-type.application";
		};
		220378CB1BF07778005474B3 /* tableViewTests */ = {
			isa = PBXNativeTarget;
			buildConfigurationList = 220378D91BF07778005474B3 /* Build configuration list for PBXNativeTarget "tableViewTests" */;
			buildPhases = (
				220378C81BF07778005474B3 /* Sources */,
				220378C91BF07778005474B3 /* Frameworks */,
				220378CA1BF07778005474B3 /* Resources */,
			);
			buildRules = (
			);
			dependencies = (
				220378CE1BF07778005474B3 /* PBXTargetDependency */,
			);
			name = tableViewTests;
			productName = tableViewTests;
			productReference = 220378CC1BF07778005474B3 /* tableViewTests.xctest */;
			productType = "com.apple.product-type.bundle.unit-test";
		};
/* End PBXNativeTarget section */

/* Begin PBXProject section */
		220378AB1BF07778005474B3 /* Project object */ = {
			isa = PBXProject;
			attributes = {
				LastUpgradeCheck = 0640;
				ORGANIZATIONNAME = sourcebits;
				TargetAttributes = {
					220378B21BF07778005474B3 = {
						CreatedOnToolsVersion = 6.4;
					};
					220378CB1BF07778005474B3 = {
						CreatedOnToolsVersion = 6.4;
						TestTargetID = 220378B21BF07778005474B3;
					};
				};
			};
			buildConfigurationList = 220378AE1BF07778005474B3 /* Build configuration list for PBXProject "tableView" */;
			compatibilityVersion = "Xcode 3.2";
			developmentRegion = English;
			hasScannedForEncodings = 0;
			knownRegions = (
				en,
				Base,
			);
			mainGroup = 220378AA1BF07778005474B3;
			productRefGroup = 220378B41BF07778005474B3 /* Products */;
			projectDirPath = "";
			projectRoot = "";
			targets = (
				220378B21BF07778005474B3 /* tableView */,
				220378CB1BF07778005474B3 /* tableViewTests */,
			);
		};
/* End PBXProject section */

/* Begin PBXResourcesBuildPhase section */
		220378B11BF07778005474B3 /* Resources */ = {
			isa = PBXResourcesBuildPhase;
			buildActionMask = 2147483647;
			files = (
				220378C21BF07778005474B3 /* Main.storyboard in Resources */,
				220378C71BF07778005474B3 /* LaunchScreen.xib in Resources */,
				220378C41BF07778005474B3 /* Images.xcassets in Resources */,
			);
			runOnlyForDeploymentPostprocessing = 0;
		};
		220378CA1BF07778005474B3 /* Resources */ = {
			isa = PBXResourcesBuildPhase;
			buildActionMask = 2147483647;
			files = (
			);
			runOnlyForDeploymentPostprocessing = 0;
		};
/* End PBXResourcesBuildPhase section */

/* Begin PBXSourcesBuildPhase section */
		220378AF1BF07778005474B3 /* Sources */ = {
			isa = PBXSourcesBuildPhase;
			buildActionMask = 2147483647;
			files = (
				220378BF1BF07778005474B3 /* ViewController.m in Sources */,
				220378BC1BF07778005474B3 /* AppDelegate.m in Sources */,
				220378B91BF07778005474B3 /* main.m in Sources */,
			);
			runOnlyForDeploymentPostprocessing = 0;
		};
		220378C81BF07778005474B3 /* Sources */ = {
			isa = PBXSourcesBuildPhase;
			buildActionMask = 2147483647;
			files = (
				220378D31BF07778005474B3 /* tableViewTests.m in Sources */,
			);
			runOnlyForDeploymentPostprocessing = 0;
		};
/* End PBXSourcesBuildPhase section */

/* Begin PBXTargetDependency section */
		220378CE1BF07778005474B3 /* PBXTargetDependency */ = {
			isa = PBXTargetDependency;
			target = 220378B21BF07778005474B3 /* tableView */;
			targetProxy = 220378CD1BF07778005474B3 /* PBXContainerItemProxy */;
		};
/* End PBXTargetDependency section */

/* Begin PBXVariantGroup section */
		220378C01BF07778005474B3 /* Main.storyboard */ = {
			isa = PBXVariantGroup;
			children = (
				220378C11BF07778005474B3 /* Base */,
			);
			name = Main.storyboard;
			sourceTree = "<group>";
		};
		220378C51BF07778005474B3 /* LaunchScreen.xib */ = {
			isa = PBXVariantGroup;
			children = (
				220378C61BF07778005474B3 /* Base */,
			);
			name = LaunchScreen.xib;
			sourceTree = "<group>";
		};
/* End PBXVariantGroup section */

/* Begin XCBuildConfiguration section */
		220378D41BF07778005474B3 /* Debug */ = {
			isa = XCBuildConfiguration;
			buildSettings = {
				ALWAYS_SEARCH_USER_PATHS = NO;
				CLANG_CXX_LANGUAGE_STANDARD = "gnu++0x";
				CLANG_CXX_LIBRARY = "libc++";
				CLANG_ENABLE_MODULES = YES;
				CLANG_ENABLE_OBJC_ARC = YES;
				CLANG_WARN_BOOL_CONVERSION = YES;
				CLANG_WARN_CONSTANT_CONVERSION = YES;
				CLANG_WARN_DIRECT_OBJC_ISA_USAGE = YES_ERROR;
				CLANG_WARN_EMPTY_BODY = YES;
				CLANG_WARN_ENUM_CONVERSION = YES;
				CLANG_WARN_INT_CONVERSION = YES;
				CLANG_WARN_OBJC_ROOT_CLASS = YES_ERROR;
				CLANG_WARN_UNREACHABLE_CODE = YES;
				CLANG_WARN__DUPLICATE_METHOD_MATCH = YES;
				"CODE_SIGN_IDENTITY[sdk=iphoneos*]" = "iPhone Developer";
				COPY_PHASE_STRIP = NO;
				DEBUG_INFORMATION_FORMAT = "dwarf-with-dsym";
				ENABLE_STRICT_OBJC_MSGSEND = YES;
				GCC_C_LANGUAGE_STANDARD = gnu99;
				GCC_DYNAMIC_NO_PIC = NO;
				GCC_NO_COMMON_BLOCKS = YES;
				GCC_OPTIMIZATION_LEVEL = 0;
				GCC_PREPROCESSOR_DEFINITIONS = (
					"DEBUG=1",
					"$(inherited)",
				);
				GCC_SYMBOLS_PRIVATE_EXTERN = NO;
				GCC_WARN_64_TO_32_BIT_CONVERSION = YES;
				GCC_WARN_ABOUT_RETURN_TYPE = YES_ERROR;
				GCC_WARN_UNDECLARED_SELECTOR = YES;
				GCC_WARN_UNINITIALIZED_AUTOS = YES_AGGRESSIVE;
				GCC_WARN_UNUSED_FUNCTION = YES;
				GCC_WARN_UNUSED_VARIABLE = YES;
				IPHONEOS_DEPLOYMENT_TARGET = 8.4;
				MTL_ENABLE_DEBUG_INFO = YES;
				ONLY_ACTIVE_ARCH = YES;
				SDKROOT = iphoneos;
				TARGETED_DEVICE_FAMILY = "1,2";
			};
			name = Debug;
		};
		220378D51BF07778005474B3 /* Release */ = {
			isa = XCBuildConfiguration;
			buildSettings = {
				ALWAYS_SEARCH_USER_PATHS = NO;
				CLANG_CXX_LANGUAGE_STANDARD = "gnu++0x";
				CLANG_CXX_LIBRARY = "libc++";
				CLANG_ENABLE_MODULES = YES;
				CLANG_ENABLE_OBJC_ARC = YES;
				CLANG_WARN_BOOL_CONVERSION = YES;
				CLANG_WARN_CONSTANT_CONVERSION = YES;
				CLANG_WARN_DIRECT_OBJC_ISA_USAGE = YES_ERROR;
				CLANG_WARN_EMPTY_BODY = YES;
				CLANG_WARN_ENUM_CONVERSION = YES;
				CLANG_WARN_INT_CONVERSION = YES;
				CLANG_WARN_OBJC_ROOT_CLASS = YES_ERROR;
				CLANG_WARN_UNREACHABLE_CODE = YES;
				CLANG_WARN__DUPLICATE_METHOD_MATCH = YES;
				"CODE_SIGN_IDENTITY[sdk=iphoneos*]" = "iPhone Developer";
				COPY_PHASE_STRIP = NO;
				DEBUG_INFORMATION_FORMAT = "dwarf-with-dsym";
				ENABLE_NS_ASSERTIONS = NO;
				ENABLE_STRICT_OBJC_MSGSEND = YES;
				GCC_C_LANGUAGE_STANDARD = gnu99;
				GCC_NO_COMMON_BLOCKS = YES;
				GCC_WARN_64_TO_32_BIT_CONVERSION = YES;
				GCC_WARN_ABOUT_RETURN_TYPE = YES_ERROR;
				GCC_WARN_UNDECLARED_SELECTOR = YES;
				GCC_WARN_UNINITIALIZED_AUTOS = YES_AGGRESSIVE;
				GCC_WARN_UNUSED_FUNCTION = YES;
				GCC_WARN_UNUSED_VARIABLE = YES;
				IPHONEOS_DEPLOYMENT_TARGET = 8.4;
				MTL_ENABLE_DEBUG_INFO = NO;
				SDKROOT = iphoneos;
				TARGETED_DEVICE_FAMILY = "1,2";
				VALIDATE_PRODUCT = YES;
			};
			name = Release;
		};
		220378D71BF07778005474B3 /* Debug */ = {
			isa = XCBuildConfiguration;
			buildSettings = {
				ASSETCATALOG_COMPILER_APPICON_NAME = AppIcon;
				INFOPLIST_FILE = tableView/Info.plist;
				LD_RUNPATH_SEARCH_PATHS = "$(inherited) @executable_path/Frameworks";
				PRODUCT_NAME = "$(TARGET_NAME)";
			};
			name = Debug;
		};
		220378D81BF07778005474B3 /* Release */ = {
			isa = XCBuildConfiguration;
			buildSettings = {
				ASSETCATALOG_COMPILER_APPICON_NAME = AppIcon;
				INFOPLIST_FILE = tableView/Info.plist;
				LD_RUNPATH_SEARCH_PATHS = "$(inherited) @executable_path/Frameworks";
				PRODUCT_NAME = "$(TARGET_NAME)";
			};
			name = Release;
		};
		220378DA1BF07778005474B3 /* Debug */ = {
			isa = XCBuildConfiguration;
			buildSettings = {
				BUNDLE_LOADER = "$(TEST_HOST)";
				FRAMEWORK_SEARCH_PATHS = (
					"$(SDKROOT)/Developer/Library/Frameworks",
					"$(inherited)",
				);
				GCC_PREPROCESSOR_DEFINITIONS = (
					"DEBUG=1",
					"$(inherited)",
				);
				INFOPLIST_FILE = tableViewTests/Info.plist;
				LD_RUNPATH_SEARCH_PATHS = "$(inherited) @executable_path/Frameworks @loader_path/Frameworks";
				PRODUCT_NAME = "$(TARGET_NAME)";
				TEST_HOST = "$(BUILT_PRODUCTS_DIR)/tableView.app/tableView";
			};
			name = Debug;
		};
		220378DB1BF07778005474B3 /* Release */ = {
			isa = XCBuildConfiguration;
			buildSettings = {
				BUNDLE_LOADER = "$(TEST_HOST)";
				FRAMEWORK_SEARCH_PATHS = (
					"$(SDKROOT)/Developer/Library/Frameworks",
					"$(inherited)",
				);
				INFOPLIST_FILE = tableViewTests/Info.plist;
				LD_RUNPATH_SEARCH_PATHS = "$(inherited) @executable_path/Frameworks @loader_path/Frameworks";
				PRODUCT_NAME = "$(TARGET_NAME)";
				TEST_HOST = "$(BUILT_PRODUCTS_DIR)/tableView.app/tableView";
			};
			name = Release;
		};
/* End XCBuildConfiguration section */

/* Begin XCConfigurationList section */
		220378AE1BF07778005474B3 /* Build configuration list for PBXProject "tableView" */ = {
			isa = XCConfigurationList;
			buildConfigurations = (
				220378D41BF07778005474B3 /* Debug */,
				220378D51BF07778005474B3 /* Release */,
			);
			defaultConfigurationIsVisible = 0;
			defaultConfigurationName = Release;
		};
		220378D61BF07778005474B3 /* Build configuration list for PBXNativeTarget "tableView" */ = {
			isa = XCConfigurationList;
			buildConfigurations = (
				220378D71BF07778005474B3 /* Debug */,
				220378D81BF07778005474B3 /* Release */,
			);
			defaultConfigurationIsVisible = 0;
		};
		220378D91BF07778005474B3 /* Build configuration list for PBXNativeTarget "tableViewTests" */ = {
			isa = XCConfigurationList;
			buildConfigurations = (
				220378DA1BF07778005474B3 /* Debug */,
				220378DB1BF07778005474B3 /* Release */,
			);
			defaultConfigurationIsVisible = 0;
		};
/* End XCConfigurationList section */
	};
	rootObject = 220378AB1BF07778005474B3 /* Project object */;
}
