// !$*UTF8*$!
{
	archiveVersion = 1;
	classes = {
	};
	objectVersion = 46;
	objects = {

/* Begin PBXBuildFile section */
		22918D8B1BC7882700690FF1 /* main.m in Sources */ = {isa = PBXBuildFile; fileRef = 22918D8A1BC7882700690FF1 /* main.m */; };
		22918D8E1BC7882700690FF1 /* AppDelegate.m in Sources */ = {isa = PBXBuildFile; fileRef = 22918D8D1BC7882700690FF1 /* AppDelegate.m */; };
		22918D911BC7882700690FF1 /* ViewController.m in Sources */ = {isa = PBXBuildFile; fileRef = 22918D901BC7882700690FF1 /* ViewController.m */; };
		22918D941BC7882700690FF1 /* Main.storyboard in Resources */ = {isa = PBXBuildFile; fileRef = 22918D921BC7882700690FF1 /* Main.storyboard */; };
		22918D961BC7882700690FF1 /* Images.xcassets in Resources */ = {isa = PBXBuildFile; fileRef = 22918D951BC7882700690FF1 /* Images.xcassets */; };
		22918D991BC7882700690FF1 /* LaunchScreen.xib in Resources */ = {isa = PBXBuildFile; fileRef = 22918D971BC7882700690FF1 /* LaunchScreen.xib */; };
		22918DA51BC7882700690FF1 /* TableView_AssignmentTests.m in Sources */ = {isa = PBXBuildFile; fileRef = 22918DA41BC7882700690FF1 /* TableView_AssignmentTests.m */; };
/* End PBXBuildFile section */

/* Begin PBXContainerItemProxy section */
		22918D9F1BC7882700690FF1 /* PBXContainerItemProxy */ = {
			isa = PBXContainerItemProxy;
			containerPortal = 22918D7D1BC7882600690FF1 /* Project object */;
			proxyType = 1;
			remoteGlobalIDString = 22918D841BC7882600690FF1;
			remoteInfo = "TableView Assignment";
		};
/* End PBXContainerItemProxy section */

/* Begin PBXFileReference section */
		22918D851BC7882600690FF1 /* TableView Assignment.app */ = {isa = PBXFileReference; explicitFileType = wrapper.application; includeInIndex = 0; path = "TableView Assignment.app"; sourceTree = BUILT_PRODUCTS_DIR; };
		22918D891BC7882700690FF1 /* Info.plist */ = {isa = PBXFileReference; lastKnownFileType = text.plist.xml; path = Info.plist; sourceTree = "<group>"; };
		22918D8A1BC7882700690FF1 /* main.m */ = {isa = PBXFileReference; lastKnownFileType = sourcecode.c.objc; path = main.m; sourceTree = "<group>"; };
		22918D8C1BC7882700690FF1 /* AppDelegate.h */ = {isa = PBXFileReference; lastKnownFileType = sourcecode.c.h; path = AppDelegate.h; sourceTree = "<group>"; };
		22918D8D1BC7882700690FF1 /* AppDelegate.m */ = {isa = PBXFileReference; lastKnownFileType = sourcecode.c.objc; path = AppDelegate.m; sourceTree = "<group>"; };
		22918D8F1BC7882700690FF1 /* ViewController.h */ = {isa = PBXFileReference; lastKnownFileType = sourcecode.c.h; path = ViewController.h; sourceTree = "<group>"; };
		22918D901BC7882700690FF1 /* ViewController.m */ = {isa = PBXFileReference; lastKnownFileType = sourcecode.c.objc; path = ViewController.m; sourceTree = "<group>"; };
		22918D931BC7882700690FF1 /* Base */ = {isa = PBXFileReference; lastKnownFileType = file.storyboard; name = Base; path = Base.lproj/Main.storyboard; sourceTree = "<group>"; };
		22918D951BC7882700690FF1 /* Images.xcassets */ = {isa = PBXFileReference; lastKnownFileType = folder.assetcatalog; path = Images.xcassets; sourceTree = "<group>"; };
		22918D981BC7882700690FF1 /* Base */ = {isa = PBXFileReference; lastKnownFileType = file.xib; name = Base; path = Base.lproj/LaunchScreen.xib; sourceTree = "<group>"; };
		22918D9E1BC7882700690FF1 /* TableView AssignmentTests.xctest */ = {isa = PBXFileReference; explicitFileType = wrapper.cfbundle; includeInIndex = 0; path = "TableView AssignmentTests.xctest"; sourceTree = BUILT_PRODUCTS_DIR; };
		22918DA31BC7882700690FF1 /* Info.plist */ = {isa = PBXFileReference; lastKnownFileType = text.plist.xml; path = Info.plist; sourceTree = "<group>"; };
		22918DA41BC7882700690FF1 /* TableView_AssignmentTests.m */ = {isa = PBXFileReference; lastKnownFileType = sourcecode.c.objc; path = TableView_AssignmentTests.m; sourceTree = "<group>"; };
/* End PBXFileReference section */

/* Begin PBXFrameworksBuildPhase section */
		22918D821BC7882600690FF1 /* Frameworks */ = {
			isa = PBXFrameworksBuildPhase;
			buildActionMask = 2147483647;
			files = (
			);
			runOnlyForDeploymentPostprocessing = 0;
		};
		22918D9B1BC7882700690FF1 /* Frameworks */ = {
			isa = PBXFrameworksBuildPhase;
			buildActionMask = 2147483647;
			files = (
			);
			runOnlyForDeploymentPostprocessing = 0;
		};
/* End PBXFrameworksBuildPhase section */

/* Begin PBXGroup section */
		22918D7C1BC7882600690FF1 = {
			isa = PBXGroup;
			children = (
				22918D871BC7882600690FF1 /* TableView Assignment */,
				22918DA11BC7882700690FF1 /* TableView AssignmentTests */,
				22918D861BC7882600690FF1 /* Products */,
			);
			sourceTree = "<group>";
		};
		22918D861BC7882600690FF1 /* Products */ = {
			isa = PBXGroup;
			children = (
				22918D851BC7882600690FF1 /* TableView Assignment.app */,
				22918D9E1BC7882700690FF1 /* TableView AssignmentTests.xctest */,
			);
			name = Products;
			sourceTree = "<group>";
		};
		22918D871BC7882600690FF1 /* TableView Assignment */ = {
			isa = PBXGroup;
			children = (
				22918D8C1BC7882700690FF1 /* AppDelegate.h */,
				22918D8D1BC7882700690FF1 /* AppDelegate.m */,
				22918D8F1BC7882700690FF1 /* ViewController.h */,
				22918D901BC7882700690FF1 /* ViewController.m */,
				22918D921BC7882700690FF1 /* Main.storyboard */,
				22918D951BC7882700690FF1 /* Images.xcassets */,
				22918D971BC7882700690FF1 /* LaunchScreen.xib */,
				22918D881BC7882600690FF1 /* Supporting Files */,
			);
			path = "TableView Assignment";
			sourceTree = "<group>";
		};
		22918D881BC7882600690FF1 /* Supporting Files */ = {
			isa = PBXGroup;
			children = (
				22918D891BC7882700690FF1 /* Info.plist */,
				22918D8A1BC7882700690FF1 /* main.m */,
			);
			name = "Supporting Files";
			sourceTree = "<group>";
		};
		22918DA11BC7882700690FF1 /* TableView AssignmentTests */ = {
			isa = PBXGroup;
			children = (
				22918DA41BC7882700690FF1 /* TableView_AssignmentTests.m */,
				22918DA21BC7882700690FF1 /* Supporting Files */,
			);
			path = "TableView AssignmentTests";
			sourceTree = "<group>";
		};
		22918DA21BC7882700690FF1 /* Supporting Files */ = {
			isa = PBXGroup;
			children = (
				22918DA31BC7882700690FF1 /* Info.plist */,
			);
			name = "Supporting Files";
			sourceTree = "<group>";
		};
/* End PBXGroup section */

/* Begin PBXNativeTarget section */
		22918D841BC7882600690FF1 /* TableView Assignment */ = {
			isa = PBXNativeTarget;
			buildConfigurationList = 22918DA81BC7882700690FF1 /* Build configuration list for PBXNativeTarget "TableView Assignment" */;
			buildPhases = (
				22918D811BC7882600690FF1 /* Sources */,
				22918D821BC7882600690FF1 /* Frameworks */,
				22918D831BC7882600690FF1 /* Resources */,
			);
			buildRules = (
			);
			dependencies = (
			);
			name = "TableView Assignment";
			productName = "TableView Assignment";
			productReference = 22918D851BC7882600690FF1 /* TableView Assignment.app */;
			productType = "com.apple.product-type.application";
		};
		22918D9D1BC7882700690FF1 /* TableView AssignmentTests */ = {
			isa = PBXNativeTarget;
			buildConfigurationList = 22918DAB1BC7882700690FF1 /* Build configuration list for PBXNativeTarget "TableView AssignmentTests" */;
			buildPhases = (
				22918D9A1BC7882700690FF1 /* Sources */,
				22918D9B1BC7882700690FF1 /* Frameworks */,
				22918D9C1BC7882700690FF1 /* Resources */,
			);
			buildRules = (
			);
			dependencies = (
				22918DA01BC7882700690FF1 /* PBXTargetDependency */,
			);
			name = "TableView AssignmentTests";
			productName = "TableView AssignmentTests";
			productReference = 22918D9E1BC7882700690FF1 /* TableView AssignmentTests.xctest */;
			productType = "com.apple.product-type.bundle.unit-test";
		};
/* End PBXNativeTarget section */

/* Begin PBXProject section */
		22918D7D1BC7882600690FF1 /* Project object */ = {
			isa = PBXProject;
			attributes = {
				LastUpgradeCheck = 0640;
				ORGANIZATIONNAME = sourcebits;
				TargetAttributes = {
					22918D841BC7882600690FF1 = {
						CreatedOnToolsVersion = 6.4;
					};
					22918D9D1BC7882700690FF1 = {
						CreatedOnToolsVersion = 6.4;
						TestTargetID = 22918D841BC7882600690FF1;
					};
				};
			};
			buildConfigurationList = 22918D801BC7882600690FF1 /* Build configuration list for PBXProject "TableView Assignment" */;
			compatibilityVersion = "Xcode 3.2";
			developmentRegion = English;
			hasScannedForEncodings = 0;
			knownRegions = (
				en,
				Base,
			);
			mainGroup = 22918D7C1BC7882600690FF1;
			productRefGroup = 22918D861BC7882600690FF1 /* Products */;
			projectDirPath = "";
			projectRoot = "";
			targets = (
				22918D841BC7882600690FF1 /* TableView Assignment */,
				22918D9D1BC7882700690FF1 /* TableView AssignmentTests */,
			);
		};
/* End PBXProject section */

/* Begin PBXResourcesBuildPhase section */
		22918D831BC7882600690FF1 /* Resources */ = {
			isa = PBXResourcesBuildPhase;
			buildActionMask = 2147483647;
			files = (
				22918D941BC7882700690FF1 /* Main.storyboard in Resources */,
				22918D991BC7882700690FF1 /* LaunchScreen.xib in Resources */,
				22918D961BC7882700690FF1 /* Images.xcassets in Resources */,
			);
			runOnlyForDeploymentPostprocessing = 0;
		};
		22918D9C1BC7882700690FF1 /* Resources */ = {
			isa = PBXResourcesBuildPhase;
			buildActionMask = 2147483647;
			files = (
			);
			runOnlyForDeploymentPostprocessing = 0;
		};
/* End PBXResourcesBuildPhase section */

/* Begin PBXSourcesBuildPhase section */
		22918D811BC7882600690FF1 /* Sources */ = {
			isa = PBXSourcesBuildPhase;
			buildActionMask = 2147483647;
			files = (
				22918D911BC7882700690FF1 /* ViewController.m in Sources */,
				22918D8E1BC7882700690FF1 /* AppDelegate.m in Sources */,
				22918D8B1BC7882700690FF1 /* main.m in Sources */,
			);
			runOnlyForDeploymentPostprocessing = 0;
		};
		22918D9A1BC7882700690FF1 /* Sources */ = {
			isa = PBXSourcesBuildPhase;
			buildActionMask = 2147483647;
			files = (
				22918DA51BC7882700690FF1 /* TableView_AssignmentTests.m in Sources */,
			);
			runOnlyForDeploymentPostprocessing = 0;
		};
/* End PBXSourcesBuildPhase section */

/* Begin PBXTargetDependency section */
		22918DA01BC7882700690FF1 /* PBXTargetDependency */ = {
			isa = PBXTargetDependency;
			target = 22918D841BC7882600690FF1 /* TableView Assignment */;
			targetProxy = 22918D9F1BC7882700690FF1 /* PBXContainerItemProxy */;
		};
/* End PBXTargetDependency section */

/* Begin PBXVariantGroup section */
		22918D921BC7882700690FF1 /* Main.storyboard */ = {
			isa = PBXVariantGroup;
			children = (
				22918D931BC7882700690FF1 /* Base */,
			);
			name = Main.storyboard;
			sourceTree = "<group>";
		};
		22918D971BC7882700690FF1 /* LaunchScreen.xib */ = {
			isa = PBXVariantGroup;
			children = (
				22918D981BC7882700690FF1 /* Base */,
			);
			name = LaunchScreen.xib;
			sourceTree = "<group>";
		};
/* End PBXVariantGroup section */

/* Begin XCBuildConfiguration section */
		22918DA61BC7882700690FF1 /* Debug */ = {
			isa = XCBuildConfiguration;
			buildSettings = {
				ALWAYS_SEARCH_USER_PATHS = NO;
				CLANG_CXX_LANGUAGE_STANDARD = "gnu++0x";
				CLANG_CXX_LIBRARY = "libc++";
				CLANG_ENABLE_MODULES = YES;
				CLANG_ENABLE_OBJC_ARC = YES;
				CLANG_WARN_BOOL_CONVERSION = YES;
				CLANG_WARN_CONSTANT_CONVERSION = YES;
				CLANG_WARN_DIRECT_OBJC_ISA_USAGE = YES_ERROR;
				CLANG_WARN_EMPTY_BODY = YES;
				CLANG_WARN_ENUM_CONVERSION = YES;
				CLANG_WARN_INT_CONVERSION = YES;
				CLANG_WARN_OBJC_ROOT_CLASS = YES_ERROR;
				CLANG_WARN_UNREACHABLE_CODE = YES;
				CLANG_WARN__DUPLICATE_METHOD_MATCH = YES;
				"CODE_SIGN_IDENTITY[sdk=iphoneos*]" = "iPhone Developer";
				COPY_PHASE_STRIP = NO;
				DEBUG_INFORMATION_FORMAT = "dwarf-with-dsym";
				ENABLE_STRICT_OBJC_MSGSEND = YES;
				GCC_C_LANGUAGE_STANDARD = gnu99;
				GCC_DYNAMIC_NO_PIC = NO;
				GCC_NO_COMMON_BLOCKS = YES;
				GCC_OPTIMIZATION_LEVEL = 0;
				GCC_PREPROCESSOR_DEFINITIONS = (
					"DEBUG=1",
					"$(inherited)",
				);
				GCC_SYMBOLS_PRIVATE_EXTERN = NO;
				GCC_WARN_64_TO_32_BIT_CONVERSION = YES;
				GCC_WARN_ABOUT_RETURN_TYPE = YES_ERROR;
				GCC_WARN_UNDECLARED_SELECTOR = YES;
				GCC_WARN_UNINITIALIZED_AUTOS = YES_AGGRESSIVE;
				GCC_WARN_UNUSED_FUNCTION = YES;
				GCC_WARN_UNUSED_VARIABLE = YES;
				IPHONEOS_DEPLOYMENT_TARGET = 8.4;
				MTL_ENABLE_DEBUG_INFO = YES;
				ONLY_ACTIVE_ARCH = YES;
				SDKROOT = iphoneos;
			};
			name = Debug;
		};
		22918DA71BC7882700690FF1 /* Release */ = {
			isa = XCBuildConfiguration;
			buildSettings = {
				ALWAYS_SEARCH_USER_PATHS = NO;
				CLANG_CXX_LANGUAGE_STANDARD = "gnu++0x";
				CLANG_CXX_LIBRARY = "libc++";
				CLANG_ENABLE_MODULES = YES;
				CLANG_ENABLE_OBJC_ARC = YES;
				CLANG_WARN_BOOL_CONVERSION = YES;
				CLANG_WARN_CONSTANT_CONVERSION = YES;
				CLANG_WARN_DIRECT_OBJC_ISA_USAGE = YES_ERROR;
				CLANG_WARN_EMPTY_BODY = YES;
				CLANG_WARN_ENUM_CONVERSION = YES;
				CLANG_WARN_INT_CONVERSION = YES;
				CLANG_WARN_OBJC_ROOT_CLASS = YES_ERROR;
				CLANG_WARN_UNREACHABLE_CODE = YES;
				CLANG_WARN__DUPLICATE_METHOD_MATCH = YES;
				"CODE_SIGN_IDENTITY[sdk=iphoneos*]" = "iPhone Developer";
				COPY_PHASE_STRIP = NO;
				DEBUG_INFORMATION_FORMAT = "dwarf-with-dsym";
				ENABLE_NS_ASSERTIONS = NO;
				ENABLE_STRICT_OBJC_MSGSEND = YES;
				GCC_C_LANGUAGE_STANDARD = gnu99;
				GCC_NO_COMMON_BLOCKS = YES;
				GCC_WARN_64_TO_32_BIT_CONVERSION = YES;
				GCC_WARN_ABOUT_RETURN_TYPE = YES_ERROR;
				GCC_WARN_UNDECLARED_SELECTOR = YES;
				GCC_WARN_UNINITIALIZED_AUTOS = YES_AGGRESSIVE;
				GCC_WARN_UNUSED_FUNCTION = YES;
				GCC_WARN_UNUSED_VARIABLE = YES;
				IPHONEOS_DEPLOYMENT_TARGET = 8.4;
				MTL_ENABLE_DEBUG_INFO = NO;
				SDKROOT = iphoneos;
				VALIDATE_PRODUCT = YES;
			};
			name = Release;
		};
		22918DA91BC7882700690FF1 /* Debug */ = {
			isa = XCBuildConfiguration;
			buildSettings = {
				ASSETCATALOG_COMPILER_APPICON_NAME = AppIcon;
				INFOPLIST_FILE = "TableView Assignment/Info.plist";
				LD_RUNPATH_SEARCH_PATHS = "$(inherited) @executable_path/Frameworks";
				PRODUCT_NAME = "$(TARGET_NAME)";
			};
			name = Debug;
		};
		22918DAA1BC7882700690FF1 /* Release */ = {
			isa = XCBuildConfiguration;
			buildSettings = {
				ASSETCATALOG_COMPILER_APPICON_NAME = AppIcon;
				INFOPLIST_FILE = "TableView Assignment/Info.plist";
				LD_RUNPATH_SEARCH_PATHS = "$(inherited) @executable_path/Frameworks";
				PRODUCT_NAME = "$(TARGET_NAME)";
			};
			name = Release;
		};
		22918DAC1BC7882700690FF1 /* Debug */ = {
			isa = XCBuildConfiguration;
			buildSettings = {
				BUNDLE_LOADER = "$(TEST_HOST)";
				FRAMEWORK_SEARCH_PATHS = (
					"$(SDKROOT)/Developer/Library/Frameworks",
					"$(inherited)",
				);
				GCC_PREPROCESSOR_DEFINITIONS = (
					"DEBUG=1",
					"$(inherited)",
				);
				INFOPLIST_FILE = "TableView AssignmentTests/Info.plist";
				LD_RUNPATH_SEARCH_PATHS = "$(inherited) @executable_path/Frameworks @loader_path/Frameworks";
				PRODUCT_NAME = "$(TARGET_NAME)";
				TEST_HOST = "$(BUILT_PRODUCTS_DIR)/TableView Assignment.app/TableView Assignment";
			};
			name = Debug;
		};
		22918DAD1BC7882700690FF1 /* Release */ = {
			isa = XCBuildConfiguration;
			buildSettings = {
				BUNDLE_LOADER = "$(TEST_HOST)";
				FRAMEWORK_SEARCH_PATHS = (
					"$(SDKROOT)/Developer/Library/Frameworks",
					"$(inherited)",
				);
				INFOPLIST_FILE = "TableView AssignmentTests/Info.plist";
				LD_RUNPATH_SEARCH_PATHS = "$(inherited) @executable_path/Frameworks @loader_path/Frameworks";
				PRODUCT_NAME = "$(TARGET_NAME)";
				TEST_HOST = "$(BUILT_PRODUCTS_DIR)/TableView Assignment.app/TableView Assignment";
			};
			name = Release;
		};
/* End XCBuildConfiguration section */

/* Begin XCConfigurationList section */
		22918D801BC7882600690FF1 /* Build configuration list for PBXProject "TableView Assignment" */ = {
			isa = XCConfigurationList;
			buildConfigurations = (
				22918DA61BC7882700690FF1 /* Debug */,
				22918DA71BC7882700690FF1 /* Release */,
			);
			defaultConfigurationIsVisible = 0;
			defaultConfigurationName = Release;
		};
		22918DA81BC7882700690FF1 /* Build configuration list for PBXNativeTarget "TableView Assignment" */ = {
			isa = XCConfigurationList;
			buildConfigurations = (
				22918DA91BC7882700690FF1 /* Debug */,
				22918DAA1BC7882700690FF1 /* Release */,
			);
			defaultConfigurationIsVisible = 0;
		};
		22918DAB1BC7882700690FF1 /* Build configuration list for PBXNativeTarget "TableView AssignmentTests" */ = {
			isa = XCConfigurationList;
			buildConfigurations = (
				22918DAC1BC7882700690FF1 /* Debug */,
				22918DAD1BC7882700690FF1 /* Release */,
			);
			defaultConfigurationIsVisible = 0;
		};
/* End XCConfigurationList section */
	};
	rootObject = 22918D7D1BC7882600690FF1 /* Project object */;
}
